
Microsoft Visual Studio Solution File, Format Version 12.00
# Visual Studio Version 17
VisualStudioVersion = 17.5.33414.496
MinimumVisualStudioVersion = 10.0.40219.1
Project("{FAE04EC0-301F-11D3-BF4B-00C04F79EFBC}") = "Blog", "Blog.csproj", "{426EFEF4-D553-448B-8442-9710C67EDC3B}"
EndProject
Global
	GlobalSection(SolutionConfigurationPlatforms) = preSolution
		Debug|Any CPU = Debug|Any CPU
		Release|Any CPU = Release|Any CPU
	EndGlobalSection
	GlobalSection(ProjectConfigurationPlatforms) = postSolution
		{426EFEF4-D553-448B-8442-9710C67EDC3B}.Debug|Any CPU.ActiveCfg = Debug|Any CPU
		{426EFEF4-D553-448B-8442-9710C67EDC3B}.Debug|Any CPU.Build.0 = Debug|Any CPU
		{426EFEF4-D553-448B-8442-9710C67EDC3B}.Release|Any CPU.ActiveCfg = Release|Any CPU
		{426EFEF4-D553-448B-8442-9710C67EDC3B}.Release|Any CPU.Build.0 = Release|Any CPU
	EndGlobalSection
	GlobalSection(SolutionProperties) = preSolution
		HideSolutionNode = FALSE
	EndGlobalSection
	GlobalSection(ExtensibilityGlobals) = postSolution
		SolutionGuid = {7EBF566C-E1B6-402F-9D10-E34CD5D07343}
	EndGlobalSection
EndGlobal
